
Microsoft Visual Studio Solution File, Format Version 12.00
# Visual Studio Version 17
VisualStudioVersion = 17.7.34024.191
MinimumVisualStudioVersion = 10.0.40219.1
Project("{FAE04EC0-301F-11D3-BF4B-00C04F79EFBC}") = "ConsoleApp4", "ConsoleApp4\ConsoleApp4.csproj", "{D8BC49D3-6215-4359-B9D4-5C0EC9C8D8D4}"
EndProject
Global
	GlobalSection(SolutionConfigurationPlatforms) = preSolution
		Debug|Any CPU = Debug|Any CPU
		Release|Any CPU = Release|Any CPU
	EndGlobalSection
	GlobalSection(ProjectConfigurationPlatforms) = postSolution
		{D8BC49D3-6215-4359-B9D4-5C0EC9C8D8D4}.Debug|Any CPU.ActiveCfg = Debug|Any CPU
		{D8BC49D3-6215-4359-B9D4-5C0EC9C8D8D4}.Debug|Any CPU.Build.0 = Debug|Any CPU
		{D8BC49D3-6215-4359-B9D4-5C0EC9C8D8D4}.Release|Any CPU.ActiveCfg = Release|Any CPU
		{D8BC49D3-6215-4359-B9D4-5C0EC9C8D8D4}.Release|Any CPU.Build.0 = Release|Any CPU
	EndGlobalSection
	GlobalSection(SolutionProperties) = preSolution
		HideSolutionNode = FALSE
	EndGlobalSection
	GlobalSection(ExtensibilityGlobals) = postSolution
		SolutionGuid = {90331B61-77B0-4BCA-ACA8-178B5E2BED47}
	EndGlobalSection
EndGlobal
